
Microsoft Visual Studio Solution File, Format Version 12.00
# Visual Studio Version 17
VisualStudioVersion = 17.4.32831.447
MinimumVisualStudioVersion = 10.0.40219.1
Project("{9A19103F-16F7-4668-BE54-9A1E7A4F7556}") = "MochiOfTheDay", "MochiOfTheDay.csproj", "{038B4204-BF05-4D1B-84E7-CFE99FC03E97}"
EndProject
Global
	GlobalSection(SolutionConfigurationPlatforms) = preSolution
		Debug|Any CPU = Debug|Any CPU
		Release|Any CPU = Release|Any CPU
	EndGlobalSection
	GlobalSection(ProjectConfigurationPlatforms) = postSolution
		{038B4204-BF05-4D1B-84E7-CFE99FC03E97}.Debug|Any CPU.ActiveCfg = Debug|Any CPU
		{038B4204-BF05-4D1B-84E7-CFE99FC03E97}.Debug|Any CPU.Build.0 = Debug|Any CPU
		{038B4204-BF05-4D1B-84E7-CFE99FC03E97}.Release|Any CPU.ActiveCfg = Release|Any CPU
		{038B4204-BF05-4D1B-84E7-CFE99FC03E97}.Release|Any CPU.Build.0 = Release|Any CPU
	EndGlobalSection
	GlobalSection(SolutionProperties) = preSolution
		HideSolutionNode = FALSE
	EndGlobalSection
	GlobalSection(ExtensibilityGlobals) = postSolution
		SolutionGuid = {3F43B7DA-95A3-46F6-AC51-BD952DC7E570}
	EndGlobalSection
EndGlobal
